
Microsoft Visual Studio Solution File, Format Version 12.00
# Visual Studio 15
VisualStudioVersion = 15.0.27428.2015
MinimumVisualStudioVersion = 10.0.40219.1
Project("{FAE04EC0-301F-11D3-BF4B-00C04F79EFBC}") = "ClickOnceGet", "ClickOnceGet\ClickOnceGet.csproj", "{176B8DBE-931B-42E2-982F-3D679982D3DD}"
EndProject
Project("{FAE04EC0-301F-11D3-BF4B-00C04F79EFBC}") = "ClickOnceGet.Test", "ClickOnceGet.Test\ClickOnceGet.Test.csproj", "{2E3DF5C2-8A38-4A03-86D7-8D463C917E47}"
EndProject
Global
	GlobalSection(SolutionConfigurationPlatforms) = preSolution
		Debug|Any CPU = Debug|Any CPU
		Release|Any CPU = Release|Any CPU
	EndGlobalSection
	GlobalSection(ProjectConfigurationPlatforms) = postSolution
		{176B8DBE-931B-42E2-982F-3D679982D3DD}.Debug|Any CPU.ActiveCfg = Debug|Any CPU
		{176B8DBE-931B-42E2-982F-3D679982D3DD}.Debug|Any CPU.Build.0 = Debug|Any CPU
		{176B8DBE-931B-42E2-982F-3D679982D3DD}.Release|Any CPU.ActiveCfg = Release|Any CPU
		{176B8DBE-931B-42E2-982F-3D679982D3DD}.Release|Any CPU.Build.0 = Release|Any CPU
		{2E3DF5C2-8A38-4A03-86D7-8D463C917E47}.Debug|Any CPU.ActiveCfg = Debug|Any CPU
		{2E3DF5C2-8A38-4A03-86D7-8D463C917E47}.Debug|Any CPU.Build.0 = Debug|Any CPU
		{2E3DF5C2-8A38-4A03-86D7-8D463C917E47}.Release|Any CPU.ActiveCfg = Release|Any CPU
	EndGlobalSection
	GlobalSection(SolutionProperties) = preSolution
		HideSolutionNode = FALSE
	EndGlobalSection
	GlobalSection(ExtensibilityGlobals) = postSolution
		SolutionGuid = {9E60686F-AF14-4002-B847-04CA6F8414D0}
	EndGlobalSection
EndGlobal
